# THIS IS AN AUTOGENERATED FILE. DO NOT EDIT THIS FILE DIRECTLY.
# yarn lockfile v1


confusing-browser-globals@^1.0.7:
  version "1.0.8"
  resolved "https://registry.yarnpkg.com/confusing-browser-globals/-/confusing-browser-globals-1.0.8.tgz#93ffec1f82a6e2bf2bc36769cc3a92fa20e502f3"
  integrity sha512-lI7asCibVJ6Qd3FGU7mu4sfG4try4LX3+GVS+Gv8UlrEf2AeW57piecapnog2UHZSbcX/P/1UDWVaTsblowlZg==
